{
  "name": "node-red-auth-pam",
  "version": "1.1.0",
  "lockfileVersion": 1,
  "requires": true,
  "dependencies": {
    "authenticate-pam": {
      "version": "github:artynet/node-authenticate-pam#b69e600e3fe4ae22bdd3f5ff3319b86fec8d4547",
      "from": "github:artynet/node-authenticate-pam",
      "requires": {
        "nan": "*"
      }
    },
    "nan": {
      "version": "2.14.1",
      "resolved": "https://registry.npmjs.org/nan/-/nan-2.14.1.tgz",
      "integrity": "sha512-isWHgVjnFjh2x2yuJ/tj3JbwoHu3UC2dX5G/88Cm24yB6YopVgxvBObDY7n5xW6ExmFhJpSEQqFPvq9zaXc8Jw=="
    }
  }
}
